
Microsoft Visual Studio Solution File, Format Version 12.00
# Visual Studio Version 17
VisualStudioVersion = 17.13.35825.156 d17.13
MinimumVisualStudioVersion = 10.0.40219.1
Project("{FAE04EC0-301F-11D3-BF4B-00C04F79EFBC}") = "VivoWeb", "VivoWeb\VivoWeb.csproj", "{0BBB9F4A-5DBD-487E-B90C-3CA853C3AECE}"
EndProject
Global
	GlobalSection(SolutionConfigurationPlatforms) = preSolution
		Debug|Any CPU = Debug|Any CPU
		Release|Any CPU = Release|Any CPU
	EndGlobalSection
	GlobalSection(ProjectConfigurationPlatforms) = postSolution
		{0BBB9F4A-5DBD-487E-B90C-3CA853C3AECE}.Debug|Any CPU.ActiveCfg = Debug|Any CPU
		{0BBB9F4A-5DBD-487E-B90C-3CA853C3AECE}.Debug|Any CPU.Build.0 = Debug|Any CPU
		{0BBB9F4A-5DBD-487E-B90C-3CA853C3AECE}.Release|Any CPU.ActiveCfg = Release|Any CPU
		{0BBB9F4A-5DBD-487E-B90C-3CA853C3AECE}.Release|Any CPU.Build.0 = Release|Any CPU
	EndGlobalSection
	GlobalSection(SolutionProperties) = preSolution
		HideSolutionNode = FALSE
	EndGlobalSection
	GlobalSection(ExtensibilityGlobals) = postSolution
		SolutionGuid = {786EDF7F-1D0C-47AA-8AC3-2CA80537B9B0}
	EndGlobalSection
EndGlobal
